// !$*UTF8*$!
{
	archiveVersion = 1;
	classes = {
	};
	objectVersion = 46;
	objects = {

/* Begin PBXBuildFile section */
		88F4F7981C542322006F83AE /* AppDelegate.swift in Sources */ = {isa = PBXBuildFile; fileRef = 88F4F7971C542322006F83AE /* AppDelegate.swift */; };
		88F4F79A1C542322006F83AE /* ViewController.swift in Sources */ = {isa = PBXBuildFile; fileRef = 88F4F7991C542322006F83AE /* ViewController.swift */; };
		88F4F79D1C542322006F83AE /* Main.storyboard in Resources */ = {isa = PBXBuildFile; fileRef = 88F4F79B1C542322006F83AE /* Main.storyboard */; };
		88F4F79F1C542322006F83AE /* Images.xcassets in Resources */ = {isa = PBXBuildFile; fileRef = 88F4F79E1C542322006F83AE /* Images.xcassets */; };
		88F4F7A21C542322006F83AE /* LaunchScreen.xib in Resources */ = {isa = PBXBuildFile; fileRef = 88F4F7A01C542322006F83AE /* LaunchScreen.xib */; };
		88F4F7AE1C542322006F83AE /* ShakeAndSwipeTests.swift in Sources */ = {isa = PBXBuildFile; fileRef = 88F4F7AD1C542322006F83AE /* ShakeAndSwipeTests.swift */; };
/* End PBXBuildFile section */

/* Begin PBXContainerItemProxy section */
		88F4F7A81C542322006F83AE /* PBXContainerItemProxy */ = {
			isa = PBXContainerItemProxy;
			containerPortal = 88F4F78A1C542322006F83AE /* Project object */;
			proxyType = 1;
			remoteGlobalIDString = 88F4F7911C542322006F83AE;
			remoteInfo = ShakeAndSwipe;
		};
/* End PBXContainerItemProxy section */

/* Begin PBXFileReference section */
		88F4F7921C542322006F83AE /* ShakeAndSwipe.app */ = {isa = PBXFileReference; explicitFileType = wrapper.application; includeInIndex = 0; path = ShakeAndSwipe.app; sourceTree = BUILT_PRODUCTS_DIR; };
		88F4F7961C542322006F83AE /* Info.plist */ = {isa = PBXFileReference; lastKnownFileType = text.plist.xml; path = Info.plist; sourceTree = "<group>"; };
		88F4F7971C542322006F83AE /* AppDelegate.swift */ = {isa = PBXFileReference; lastKnownFileType = sourcecode.swift; path = AppDelegate.swift; sourceTree = "<group>"; };
		88F4F7991C542322006F83AE /* ViewController.swift */ = {isa = PBXFileReference; lastKnownFileType = sourcecode.swift; path = ViewController.swift; sourceTree = "<group>"; };
		88F4F79C1C542322006F83AE /* Base */ = {isa = PBXFileReference; lastKnownFileType = file.storyboard; name = Base; path = Base.lproj/Main.storyboard; sourceTree = "<group>"; };
		88F4F79E1C542322006F83AE /* Images.xcassets */ = {isa = PBXFileReference; lastKnownFileType = folder.assetcatalog; path = Images.xcassets; sourceTree = "<group>"; };
		88F4F7A11C542322006F83AE /* Base */ = {isa = PBXFileReference; lastKnownFileType = file.xib; name = Base; path = Base.lproj/LaunchScreen.xib; sourceTree = "<group>"; };
		88F4F7A71C542322006F83AE /* ShakeAndSwipeTests.xctest */ = {isa = PBXFileReference; explicitFileType = wrapper.cfbundle; includeInIndex = 0; path = ShakeAndSwipeTests.xctest; sourceTree = BUILT_PRODUCTS_DIR; };
		88F4F7AC1C542322006F83AE /* Info.plist */ = {isa = PBXFileReference; lastKnownFileType = text.plist.xml; path = Info.plist; sourceTree = "<group>"; };
		88F4F7AD1C542322006F83AE /* ShakeAndSwipeTests.swift */ = {isa = PBXFileReference; lastKnownFileType = sourcecode.swift; path = ShakeAndSwipeTests.swift; sourceTree = "<group>"; };
/* End PBXFileReference section */

/* Begin PBXFrameworksBuildPhase section */
		88F4F78F1C542322006F83AE /* Frameworks */ = {
			isa = PBXFrameworksBuildPhase;
			buildActionMask = 2147483647;
			files = (
			);
			runOnlyForDeploymentPostprocessing = 0;
		};
		88F4F7A41C542322006F83AE /* Frameworks */ = {
			isa = PBXFrameworksBuildPhase;
			buildActionMask = 2147483647;
			files = (
			);
			runOnlyForDeploymentPostprocessing = 0;
		};
/* End PBXFrameworksBuildPhase section */

/* Begin PBXGroup section */
		88F4F7891C542322006F83AE = {
			isa = PBXGroup;
			children = (
				88F4F7941C542322006F83AE /* ShakeAndSwipe */,
				88F4F7AA1C542322006F83AE /* ShakeAndSwipeTests */,
				88F4F7931C542322006F83AE /* Products */,
			);
			sourceTree = "<group>";
		};
		88F4F7931C542322006F83AE /* Products */ = {
			isa = PBXGroup;
			children = (
				88F4F7921C542322006F83AE /* ShakeAndSwipe.app */,
				88F4F7A71C542322006F83AE /* ShakeAndSwipeTests.xctest */,
			);
			name = Products;
			sourceTree = "<group>";
		};
		88F4F7941C542322006F83AE /* ShakeAndSwipe */ = {
			isa = PBXGroup;
			children = (
				88F4F7971C542322006F83AE /* AppDelegate.swift */,
				88F4F7991C542322006F83AE /* ViewController.swift */,
				88F4F79B1C542322006F83AE /* Main.storyboard */,
				88F4F79E1C542322006F83AE /* Images.xcassets */,
				88F4F7A01C542322006F83AE /* LaunchScreen.xib */,
				88F4F7951C542322006F83AE /* Supporting Files */,
			);
			path = ShakeAndSwipe;
			sourceTree = "<group>";
		};
		88F4F7951C542322006F83AE /* Supporting Files */ = {
			isa = PBXGroup;
			children = (
				88F4F7961C542322006F83AE /* Info.plist */,
			);
			name = "Supporting Files";
			sourceTree = "<group>";
		};
		88F4F7AA1C542322006F83AE /* ShakeAndSwipeTests */ = {
			isa = PBXGroup;
			children = (
				88F4F7AD1C542322006F83AE /* ShakeAndSwipeTests.swift */,
				88F4F7AB1C542322006F83AE /* Supporting Files */,
			);
			path = ShakeAndSwipeTests;
			sourceTree = "<group>";
		};
		88F4F7AB1C542322006F83AE /* Supporting Files */ = {
			isa = PBXGroup;
			children = (
				88F4F7AC1C542322006F83AE /* Info.plist */,
			);
			name = "Supporting Files";
			sourceTree = "<group>";
		};
/* End PBXGroup section */

/* Begin PBXNativeTarget section */
		88F4F7911C542322006F83AE /* ShakeAndSwipe */ = {
			isa = PBXNativeTarget;
			buildConfigurationList = 88F4F7B11C542322006F83AE /* Build configuration list for PBXNativeTarget "ShakeAndSwipe" */;
			buildPhases = (
				88F4F78E1C542322006F83AE /* Sources */,
				88F4F78F1C542322006F83AE /* Frameworks */,
				88F4F7901C542322006F83AE /* Resources */,
			);
			buildRules = (
			);
			dependencies = (
			);
			name = ShakeAndSwipe;
			productName = ShakeAndSwipe;
			productReference = 88F4F7921C542322006F83AE /* ShakeAndSwipe.app */;
			productType = "com.apple.product-type.application";
		};
		88F4F7A61C542322006F83AE /* ShakeAndSwipeTests */ = {
			isa = PBXNativeTarget;
			buildConfigurationList = 88F4F7B41C542322006F83AE /* Build configuration list for PBXNativeTarget "ShakeAndSwipeTests" */;
			buildPhases = (
				88F4F7A31C542322006F83AE /* Sources */,
				88F4F7A41C542322006F83AE /* Frameworks */,
				88F4F7A51C542322006F83AE /* Resources */,
			);
			buildRules = (
			);
			dependencies = (
				88F4F7A91C542322006F83AE /* PBXTargetDependency */,
			);
			name = ShakeAndSwipeTests;
			productName = ShakeAndSwipeTests;
			productReference = 88F4F7A71C542322006F83AE /* ShakeAndSwipeTests.xctest */;
			productType = "com.apple.product-type.bundle.unit-test";
		};
/* End PBXNativeTarget section */

/* Begin PBXProject section */
		88F4F78A1C542322006F83AE /* Project object */ = {
			isa = PBXProject;
			attributes = {
				LastUpgradeCheck = 0640;
				ORGANIZATIONNAME = LukasGP;
				TargetAttributes = {
					88F4F7911C542322006F83AE = {
						CreatedOnToolsVersion = 6.4;
					};
					88F4F7A61C542322006F83AE = {
						CreatedOnToolsVersion = 6.4;
						TestTargetID = 88F4F7911C542322006F83AE;
					};
				};
			};
			buildConfigurationList = 88F4F78D1C542322006F83AE /* Build configuration list for PBXProject "ShakeAndSwipe" */;
			compatibilityVersion = "Xcode 3.2";
			developmentRegion = English;
			hasScannedForEncodings = 0;
			knownRegions = (
				en,
				Base,
			);
			mainGroup = 88F4F7891C542322006F83AE;
			productRefGroup = 88F4F7931C542322006F83AE /* Products */;
			projectDirPath = "";
			projectRoot = "";
			targets = (
				88F4F7911C542322006F83AE /* ShakeAndSwipe */,
				88F4F7A61C542322006F83AE /* ShakeAndSwipeTests */,
			);
		};
/* End PBXProject section */

/* Begin PBXResourcesBuildPhase section */
		88F4F7901C542322006F83AE /* Resources */ = {
			isa = PBXResourcesBuildPhase;
			buildActionMask = 2147483647;
			files = (
				88F4F79D1C542322006F83AE /* Main.storyboard in Resources */,
				88F4F7A21C542322006F83AE /* LaunchScreen.xib in Resources */,
				88F4F79F1C542322006F83AE /* Images.xcassets in Resources */,
			);
			runOnlyForDeploymentPostprocessing = 0;
		};
		88F4F7A51C542322006F83AE /* Resources */ = {
			isa = PBXResourcesBuildPhase;
			buildActionMask = 2147483647;
			files = (
			);
			runOnlyForDeploymentPostprocessing = 0;
		};
/* End PBXResourcesBuildPhase section */

/* Begin PBXSourcesBuildPhase section */
		88F4F78E1C542322006F83AE /* Sources */ = {
			isa = PBXSourcesBuildPhase;
			buildActionMask = 2147483647;
			files = (
				88F4F79A1C542322006F83AE /* ViewController.swift in Sources */,
				88F4F7981C542322006F83AE /* AppDelegate.swift in Sources */,
			);
			runOnlyForDeploymentPostprocessing = 0;
		};
		88F4F7A31C542322006F83AE /* Sources */ = {
			isa = PBXSourcesBuildPhase;
			buildActionMask = 2147483647;
			files = (
				88F4F7AE1C542322006F83AE /* ShakeAndSwipeTests.swift in Sources */,
			);
			runOnlyForDeploymentPostprocessing = 0;
		};
/* End PBXSourcesBuildPhase section */

/* Begin PBXTargetDependency section */
		88F4F7A91C542322006F83AE /* PBXTargetDependency */ = {
			isa = PBXTargetDependency;
			target = 88F4F7911C542322006F83AE /* ShakeAndSwipe */;
			targetProxy = 88F4F7A81C542322006F83AE /* PBXContainerItemProxy */;
		};
/* End PBXTargetDependency section */

/* Begin PBXVariantGroup section */
		88F4F79B1C542322006F83AE /* Main.storyboard */ = {
			isa = PBXVariantGroup;
			children = (
				88F4F79C1C542322006F83AE /* Base */,
			);
			name = Main.storyboard;
			sourceTree = "<group>";
		};
		88F4F7A01C542322006F83AE /* LaunchScreen.xib */ = {
			isa = PBXVariantGroup;
			children = (
				88F4F7A11C542322006F83AE /* Base */,
			);
			name = LaunchScreen.xib;
			sourceTree = "<group>";
		};
/* End PBXVariantGroup section */

/* Begin XCBuildConfiguration section */
		88F4F7AF1C542322006F83AE /* Debug */ = {
			isa = XCBuildConfiguration;
			buildSettings = {
				ALWAYS_SEARCH_USER_PATHS = NO;
				CLANG_CXX_LANGUAGE_STANDARD = "gnu++0x";
				CLANG_CXX_LIBRARY = "libc++";
				CLANG_ENABLE_MODULES = YES;
				CLANG_ENABLE_OBJC_ARC = YES;
				CLANG_WARN_BOOL_CONVERSION = YES;
				CLANG_WARN_CONSTANT_CONVERSION = YES;
				CLANG_WARN_DIRECT_OBJC_ISA_USAGE = YES_ERROR;
				CLANG_WARN_EMPTY_BODY = YES;
				CLANG_WARN_ENUM_CONVERSION = YES;
				CLANG_WARN_INT_CONVERSION = YES;
				CLANG_WARN_OBJC_ROOT_CLASS = YES_ERROR;
				CLANG_WARN_UNREACHABLE_CODE = YES;
				CLANG_WARN__DUPLICATE_METHOD_MATCH = YES;
				"CODE_SIGN_IDENTITY[sdk=iphoneos*]" = "iPhone Developer";
				COPY_PHASE_STRIP = NO;
				DEBUG_INFORMATION_FORMAT = "dwarf-with-dsym";
				ENABLE_STRICT_OBJC_MSGSEND = YES;
				GCC_C_LANGUAGE_STANDARD = gnu99;
				GCC_DYNAMIC_NO_PIC = NO;
				GCC_NO_COMMON_BLOCKS = YES;
				GCC_OPTIMIZATION_LEVEL = 0;
				GCC_PREPROCESSOR_DEFINITIONS = (
					"DEBUG=1",
					"$(inherited)",
				);
				GCC_SYMBOLS_PRIVATE_EXTERN = NO;
				GCC_WARN_64_TO_32_BIT_CONVERSION = YES;
				GCC_WARN_ABOUT_RETURN_TYPE = YES_ERROR;
				GCC_WARN_UNDECLARED_SELECTOR = YES;
				GCC_WARN_UNINITIALIZED_AUTOS = YES_AGGRESSIVE;
				GCC_WARN_UNUSED_FUNCTION = YES;
				GCC_WARN_UNUSED_VARIABLE = YES;
				IPHONEOS_DEPLOYMENT_TARGET = 8.4;
				MTL_ENABLE_DEBUG_INFO = YES;
				ONLY_ACTIVE_ARCH = YES;
				SDKROOT = iphoneos;
				SWIFT_OPTIMIZATION_LEVEL = "-Onone";
			};
			name = Debug;
		};
		88F4F7B01C542322006F83AE /* Release */ = {
			isa = XCBuildConfiguration;
			buildSettings = {
				ALWAYS_SEARCH_USER_PATHS = NO;
				CLANG_CXX_LANGUAGE_STANDARD = "gnu++0x";
				CLANG_CXX_LIBRARY = "libc++";
				CLANG_ENABLE_MODULES = YES;
				CLANG_ENABLE_OBJC_ARC = YES;
				CLANG_WARN_BOOL_CONVERSION = YES;
				CLANG_WARN_CONSTANT_CONVERSION = YES;
				CLANG_WARN_DIRECT_OBJC_ISA_USAGE = YES_ERROR;
				CLANG_WARN_EMPTY_BODY = YES;
				CLANG_WARN_ENUM_CONVERSION = YES;
				CLANG_WARN_INT_CONVERSION = YES;
				CLANG_WARN_OBJC_ROOT_CLASS = YES_ERROR;
				CLANG_WARN_UNREACHABLE_CODE = YES;
				CLANG_WARN__DUPLICATE_METHOD_MATCH = YES;
				"CODE_SIGN_IDENTITY[sdk=iphoneos*]" = "iPhone Developer";
				COPY_PHASE_STRIP = NO;
				DEBUG_INFORMATION_FORMAT = "dwarf-with-dsym";
				ENABLE_NS_ASSERTIONS = NO;
				ENABLE_STRICT_OBJC_MSGSEND = YES;
				GCC_C_LANGUAGE_STANDARD = gnu99;
				GCC_NO_COMMON_BLOCKS = YES;
				GCC_WARN_64_TO_32_BIT_CONVERSION = YES;
				GCC_WARN_ABOUT_RETURN_TYPE = YES_ERROR;
				GCC_WARN_UNDECLARED_SELECTOR = YES;
				GCC_WARN_UNINITIALIZED_AUTOS = YES_AGGRESSIVE;
				GCC_WARN_UNUSED_FUNCTION = YES;
				GCC_WARN_UNUSED_VARIABLE = YES;
				IPHONEOS_DEPLOYMENT_TARGET = 8.4;
				MTL_ENABLE_DEBUG_INFO = NO;
				SDKROOT = iphoneos;
				VALIDATE_PRODUCT = YES;
			};
			name = Release;
		};
		88F4F7B21C542322006F83AE /* Debug */ = {
			isa = XCBuildConfiguration;
			buildSettings = {
				ASSETCATALOG_COMPILER_APPICON_NAME = AppIcon;
				INFOPLIST_FILE = ShakeAndSwipe/Info.plist;
				LD_RUNPATH_SEARCH_PATHS = "$(inherited) @executable_path/Frameworks";
				PRODUCT_NAME = "$(TARGET_NAME)";
			};
			name = Debug;
		};
		88F4F7B31C542322006F83AE /* Release */ = {
			isa = XCBuildConfiguration;
			buildSettings = {
				ASSETCATALOG_COMPILER_APPICON_NAME = AppIcon;
				INFOPLIST_FILE = ShakeAndSwipe/Info.plist;
				LD_RUNPATH_SEARCH_PATHS = "$(inherited) @executable_path/Frameworks";
				PRODUCT_NAME = "$(TARGET_NAME)";
			};
			name = Release;
		};
		88F4F7B51C542322006F83AE /* Debug */ = {
			isa = XCBuildConfiguration;
			buildSettings = {
				BUNDLE_LOADER = "$(TEST_HOST)";
				FRAMEWORK_SEARCH_PATHS = (
					"$(SDKROOT)/Developer/Library/Frameworks",
					"$(inherited)",
				);
				GCC_PREPROCESSOR_DEFINITIONS = (
					"DEBUG=1",
					"$(inherited)",
				);
				INFOPLIST_FILE = ShakeAndSwipeTests/Info.plist;
				LD_RUNPATH_SEARCH_PATHS = "$(inherited) @executable_path/Frameworks @loader_path/Frameworks";
				PRODUCT_NAME = "$(TARGET_NAME)";
				TEST_HOST = "$(BUILT_PRODUCTS_DIR)/ShakeAndSwipe.app/ShakeAndSwipe";
			};
			name = Debug;
		};
		88F4F7B61C542322006F83AE /* Release */ = {
			isa = XCBuildConfiguration;
			buildSettings = {
				BUNDLE_LOADER = "$(TEST_HOST)";
				FRAMEWORK_SEARCH_PATHS = (
					"$(SDKROOT)/Developer/Library/Frameworks",
					"$(inherited)",
				);
				INFOPLIST_FILE = ShakeAndSwipeTests/Info.plist;
				LD_RUNPATH_SEARCH_PATHS = "$(inherited) @executable_path/Frameworks @loader_path/Frameworks";
				PRODUCT_NAME = "$(TARGET_NAME)";
				TEST_HOST = "$(BUILT_PRODUCTS_DIR)/ShakeAndSwipe.app/ShakeAndSwipe";
			};
			name = Release;
		};
/* End XCBuildConfiguration section */

/* Begin XCConfigurationList section */
		88F4F78D1C542322006F83AE /* Build configuration list for PBXProject "ShakeAndSwipe" */ = {
			isa = XCConfigurationList;
			buildConfigurations = (
				88F4F7AF1C542322006F83AE /* Debug */,
				88F4F7B01C542322006F83AE /* Release */,
			);
			defaultConfigurationIsVisible = 0;
			defaultConfigurationName = Release;
		};
		88F4F7B11C542322006F83AE /* Build configuration list for PBXNativeTarget "ShakeAndSwipe" */ = {
			isa = XCConfigurationList;
			buildConfigurations = (
				88F4F7B21C542322006F83AE /* Debug */,
				88F4F7B31C542322006F83AE /* Release */,
			);
			defaultConfigurationIsVisible = 0;
		};
		88F4F7B41C542322006F83AE /* Build configuration list for PBXNativeTarget "ShakeAndSwipeTests" */ = {
			isa = XCConfigurationList;
			buildConfigurations = (
				88F4F7B51C542322006F83AE /* Debug */,
				88F4F7B61C542322006F83AE /* Release */,
			);
			defaultConfigurationIsVisible = 0;
		};
/* End XCConfigurationList section */
	};
	rootObject = 88F4F78A1C542322006F83AE /* Project object */;
}
