// !$*UTF8*$!
{
	archiveVersion = 1;
	classes = {
	};
	objectVersion = 46;
	objects = {

/* Begin PBXBuildFile section */
		88A7139A1BBF8EA0007FD2CC /* AppDelegate.swift in Sources */ = {isa = PBXBuildFile; fileRef = 88A713991BBF8EA0007FD2CC /* AppDelegate.swift */; };
		88A7139C1BBF8EA0007FD2CC /* ViewController.swift in Sources */ = {isa = PBXBuildFile; fileRef = 88A7139B1BBF8EA0007FD2CC /* ViewController.swift */; };
		88A7139F1BBF8EA0007FD2CC /* Main.storyboard in Resources */ = {isa = PBXBuildFile; fileRef = 88A7139D1BBF8EA0007FD2CC /* Main.storyboard */; };
		88A713A11BBF8EA0007FD2CC /* Images.xcassets in Resources */ = {isa = PBXBuildFile; fileRef = 88A713A01BBF8EA0007FD2CC /* Images.xcassets */; };
		88A713A41BBF8EA0007FD2CC /* LaunchScreen.xib in Resources */ = {isa = PBXBuildFile; fileRef = 88A713A21BBF8EA0007FD2CC /* LaunchScreen.xib */; };
		88A713B01BBF8EA0007FD2CC /* Where_Am_ITests.swift in Sources */ = {isa = PBXBuildFile; fileRef = 88A713AF1BBF8EA0007FD2CC /* Where_Am_ITests.swift */; };
		88A713BA1BBF8EAF007FD2CC /* CoreLocation.framework in Frameworks */ = {isa = PBXBuildFile; fileRef = 88A713B91BBF8EAF007FD2CC /* CoreLocation.framework */; };
/* End PBXBuildFile section */

/* Begin PBXContainerItemProxy section */
		88A713AA1BBF8EA0007FD2CC /* PBXContainerItemProxy */ = {
			isa = PBXContainerItemProxy;
			containerPortal = 88A7138C1BBF8EA0007FD2CC /* Project object */;
			proxyType = 1;
			remoteGlobalIDString = 88A713931BBF8EA0007FD2CC;
			remoteInfo = "Where Am I";
		};
/* End PBXContainerItemProxy section */

/* Begin PBXFileReference section */
		88A713941BBF8EA0007FD2CC /* Where Am I.app */ = {isa = PBXFileReference; explicitFileType = wrapper.application; includeInIndex = 0; path = "Where Am I.app"; sourceTree = BUILT_PRODUCTS_DIR; };
		88A713981BBF8EA0007FD2CC /* Info.plist */ = {isa = PBXFileReference; lastKnownFileType = text.plist.xml; path = Info.plist; sourceTree = "<group>"; };
		88A713991BBF8EA0007FD2CC /* AppDelegate.swift */ = {isa = PBXFileReference; lastKnownFileType = sourcecode.swift; path = AppDelegate.swift; sourceTree = "<group>"; };
		88A7139B1BBF8EA0007FD2CC /* ViewController.swift */ = {isa = PBXFileReference; lastKnownFileType = sourcecode.swift; path = ViewController.swift; sourceTree = "<group>"; };
		88A7139E1BBF8EA0007FD2CC /* Base */ = {isa = PBXFileReference; lastKnownFileType = file.storyboard; name = Base; path = Base.lproj/Main.storyboard; sourceTree = "<group>"; };
		88A713A01BBF8EA0007FD2CC /* Images.xcassets */ = {isa = PBXFileReference; lastKnownFileType = folder.assetcatalog; path = Images.xcassets; sourceTree = "<group>"; };
		88A713A31BBF8EA0007FD2CC /* Base */ = {isa = PBXFileReference; lastKnownFileType = file.xib; name = Base; path = Base.lproj/LaunchScreen.xib; sourceTree = "<group>"; };
		88A713A91BBF8EA0007FD2CC /* Where Am ITests.xctest */ = {isa = PBXFileReference; explicitFileType = wrapper.cfbundle; includeInIndex = 0; path = "Where Am ITests.xctest"; sourceTree = BUILT_PRODUCTS_DIR; };
		88A713AE1BBF8EA0007FD2CC /* Info.plist */ = {isa = PBXFileReference; lastKnownFileType = text.plist.xml; path = Info.plist; sourceTree = "<group>"; };
		88A713AF1BBF8EA0007FD2CC /* Where_Am_ITests.swift */ = {isa = PBXFileReference; lastKnownFileType = sourcecode.swift; path = Where_Am_ITests.swift; sourceTree = "<group>"; };
		88A713B91BBF8EAF007FD2CC /* CoreLocation.framework */ = {isa = PBXFileReference; lastKnownFileType = wrapper.framework; name = CoreLocation.framework; path = System/Library/Frameworks/CoreLocation.framework; sourceTree = SDKROOT; };
/* End PBXFileReference section */

/* Begin PBXFrameworksBuildPhase section */
		88A713911BBF8EA0007FD2CC /* Frameworks */ = {
			isa = PBXFrameworksBuildPhase;
			buildActionMask = 2147483647;
			files = (
				88A713BA1BBF8EAF007FD2CC /* CoreLocation.framework in Frameworks */,
			);
			runOnlyForDeploymentPostprocessing = 0;
		};
		88A713A61BBF8EA0007FD2CC /* Frameworks */ = {
			isa = PBXFrameworksBuildPhase;
			buildActionMask = 2147483647;
			files = (
			);
			runOnlyForDeploymentPostprocessing = 0;
		};
/* End PBXFrameworksBuildPhase section */

/* Begin PBXGroup section */
		88A7138B1BBF8EA0007FD2CC = {
			isa = PBXGroup;
			children = (
				88A713B91BBF8EAF007FD2CC /* CoreLocation.framework */,
				88A713961BBF8EA0007FD2CC /* Where Am I */,
				88A713AC1BBF8EA0007FD2CC /* Where Am ITests */,
				88A713951BBF8EA0007FD2CC /* Products */,
			);
			sourceTree = "<group>";
		};
		88A713951BBF8EA0007FD2CC /* Products */ = {
			isa = PBXGroup;
			children = (
				88A713941BBF8EA0007FD2CC /* Where Am I.app */,
				88A713A91BBF8EA0007FD2CC /* Where Am ITests.xctest */,
			);
			name = Products;
			sourceTree = "<group>";
		};
		88A713961BBF8EA0007FD2CC /* Where Am I */ = {
			isa = PBXGroup;
			children = (
				88A713991BBF8EA0007FD2CC /* AppDelegate.swift */,
				88A7139B1BBF8EA0007FD2CC /* ViewController.swift */,
				88A7139D1BBF8EA0007FD2CC /* Main.storyboard */,
				88A713A01BBF8EA0007FD2CC /* Images.xcassets */,
				88A713A21BBF8EA0007FD2CC /* LaunchScreen.xib */,
				88A713971BBF8EA0007FD2CC /* Supporting Files */,
			);
			path = "Where Am I";
			sourceTree = "<group>";
		};
		88A713971BBF8EA0007FD2CC /* Supporting Files */ = {
			isa = PBXGroup;
			children = (
				88A713981BBF8EA0007FD2CC /* Info.plist */,
			);
			name = "Supporting Files";
			sourceTree = "<group>";
		};
		88A713AC1BBF8EA0007FD2CC /* Where Am ITests */ = {
			isa = PBXGroup;
			children = (
				88A713AF1BBF8EA0007FD2CC /* Where_Am_ITests.swift */,
				88A713AD1BBF8EA0007FD2CC /* Supporting Files */,
			);
			path = "Where Am ITests";
			sourceTree = "<group>";
		};
		88A713AD1BBF8EA0007FD2CC /* Supporting Files */ = {
			isa = PBXGroup;
			children = (
				88A713AE1BBF8EA0007FD2CC /* Info.plist */,
			);
			name = "Supporting Files";
			sourceTree = "<group>";
		};
/* End PBXGroup section */

/* Begin PBXNativeTarget section */
		88A713931BBF8EA0007FD2CC /* Where Am I */ = {
			isa = PBXNativeTarget;
			buildConfigurationList = 88A713B31BBF8EA0007FD2CC /* Build configuration list for PBXNativeTarget "Where Am I" */;
			buildPhases = (
				88A713901BBF8EA0007FD2CC /* Sources */,
				88A713911BBF8EA0007FD2CC /* Frameworks */,
				88A713921BBF8EA0007FD2CC /* Resources */,
			);
			buildRules = (
			);
			dependencies = (
			);
			name = "Where Am I";
			productName = "Where Am I";
			productReference = 88A713941BBF8EA0007FD2CC /* Where Am I.app */;
			productType = "com.apple.product-type.application";
		};
		88A713A81BBF8EA0007FD2CC /* Where Am ITests */ = {
			isa = PBXNativeTarget;
			buildConfigurationList = 88A713B61BBF8EA0007FD2CC /* Build configuration list for PBXNativeTarget "Where Am ITests" */;
			buildPhases = (
				88A713A51BBF8EA0007FD2CC /* Sources */,
				88A713A61BBF8EA0007FD2CC /* Frameworks */,
				88A713A71BBF8EA0007FD2CC /* Resources */,
			);
			buildRules = (
			);
			dependencies = (
				88A713AB1BBF8EA0007FD2CC /* PBXTargetDependency */,
			);
			name = "Where Am ITests";
			productName = "Where Am ITests";
			productReference = 88A713A91BBF8EA0007FD2CC /* Where Am ITests.xctest */;
			productType = "com.apple.product-type.bundle.unit-test";
		};
/* End PBXNativeTarget section */

/* Begin PBXProject section */
		88A7138C1BBF8EA0007FD2CC /* Project object */ = {
			isa = PBXProject;
			attributes = {
				LastUpgradeCheck = 0640;
				ORGANIZATIONNAME = LukasGP;
				TargetAttributes = {
					88A713931BBF8EA0007FD2CC = {
						CreatedOnToolsVersion = 6.4;
					};
					88A713A81BBF8EA0007FD2CC = {
						CreatedOnToolsVersion = 6.4;
						TestTargetID = 88A713931BBF8EA0007FD2CC;
					};
				};
			};
			buildConfigurationList = 88A7138F1BBF8EA0007FD2CC /* Build configuration list for PBXProject "Where Am I" */;
			compatibilityVersion = "Xcode 3.2";
			developmentRegion = English;
			hasScannedForEncodings = 0;
			knownRegions = (
				en,
				Base,
			);
			mainGroup = 88A7138B1BBF8EA0007FD2CC;
			productRefGroup = 88A713951BBF8EA0007FD2CC /* Products */;
			projectDirPath = "";
			projectRoot = "";
			targets = (
				88A713931BBF8EA0007FD2CC /* Where Am I */,
				88A713A81BBF8EA0007FD2CC /* Where Am ITests */,
			);
		};
/* End PBXProject section */

/* Begin PBXResourcesBuildPhase section */
		88A713921BBF8EA0007FD2CC /* Resources */ = {
			isa = PBXResourcesBuildPhase;
			buildActionMask = 2147483647;
			files = (
				88A7139F1BBF8EA0007FD2CC /* Main.storyboard in Resources */,
				88A713A41BBF8EA0007FD2CC /* LaunchScreen.xib in Resources */,
				88A713A11BBF8EA0007FD2CC /* Images.xcassets in Resources */,
			);
			runOnlyForDeploymentPostprocessing = 0;
		};
		88A713A71BBF8EA0007FD2CC /* Resources */ = {
			isa = PBXResourcesBuildPhase;
			buildActionMask = 2147483647;
			files = (
			);
			runOnlyForDeploymentPostprocessing = 0;
		};
/* End PBXResourcesBuildPhase section */

/* Begin PBXSourcesBuildPhase section */
		88A713901BBF8EA0007FD2CC /* Sources */ = {
			isa = PBXSourcesBuildPhase;
			buildActionMask = 2147483647;
			files = (
				88A7139C1BBF8EA0007FD2CC /* ViewController.swift in Sources */,
				88A7139A1BBF8EA0007FD2CC /* AppDelegate.swift in Sources */,
			);
			runOnlyForDeploymentPostprocessing = 0;
		};
		88A713A51BBF8EA0007FD2CC /* Sources */ = {
			isa = PBXSourcesBuildPhase;
			buildActionMask = 2147483647;
			files = (
				88A713B01BBF8EA0007FD2CC /* Where_Am_ITests.swift in Sources */,
			);
			runOnlyForDeploymentPostprocessing = 0;
		};
/* End PBXSourcesBuildPhase section */

/* Begin PBXTargetDependency section */
		88A713AB1BBF8EA0007FD2CC /* PBXTargetDependency */ = {
			isa = PBXTargetDependency;
			target = 88A713931BBF8EA0007FD2CC /* Where Am I */;
			targetProxy = 88A713AA1BBF8EA0007FD2CC /* PBXContainerItemProxy */;
		};
/* End PBXTargetDependency section */

/* Begin PBXVariantGroup section */
		88A7139D1BBF8EA0007FD2CC /* Main.storyboard */ = {
			isa = PBXVariantGroup;
			children = (
				88A7139E1BBF8EA0007FD2CC /* Base */,
			);
			name = Main.storyboard;
			sourceTree = "<group>";
		};
		88A713A21BBF8EA0007FD2CC /* LaunchScreen.xib */ = {
			isa = PBXVariantGroup;
			children = (
				88A713A31BBF8EA0007FD2CC /* Base */,
			);
			name = LaunchScreen.xib;
			sourceTree = "<group>";
		};
/* End PBXVariantGroup section */

/* Begin XCBuildConfiguration section */
		88A713B11BBF8EA0007FD2CC /* Debug */ = {
			isa = XCBuildConfiguration;
			buildSettings = {
				ALWAYS_SEARCH_USER_PATHS = NO;
				CLANG_CXX_LANGUAGE_STANDARD = "gnu++0x";
				CLANG_CXX_LIBRARY = "libc++";
				CLANG_ENABLE_MODULES = YES;
				CLANG_ENABLE_OBJC_ARC = YES;
				CLANG_WARN_BOOL_CONVERSION = YES;
				CLANG_WARN_CONSTANT_CONVERSION = YES;
				CLANG_WARN_DIRECT_OBJC_ISA_USAGE = YES_ERROR;
				CLANG_WARN_EMPTY_BODY = YES;
				CLANG_WARN_ENUM_CONVERSION = YES;
				CLANG_WARN_INT_CONVERSION = YES;
				CLANG_WARN_OBJC_ROOT_CLASS = YES_ERROR;
				CLANG_WARN_UNREACHABLE_CODE = YES;
				CLANG_WARN__DUPLICATE_METHOD_MATCH = YES;
				"CODE_SIGN_IDENTITY[sdk=iphoneos*]" = "iPhone Developer";
				COPY_PHASE_STRIP = NO;
				DEBUG_INFORMATION_FORMAT = "dwarf-with-dsym";
				ENABLE_STRICT_OBJC_MSGSEND = YES;
				GCC_C_LANGUAGE_STANDARD = gnu99;
				GCC_DYNAMIC_NO_PIC = NO;
				GCC_NO_COMMON_BLOCKS = YES;
				GCC_OPTIMIZATION_LEVEL = 0;
				GCC_PREPROCESSOR_DEFINITIONS = (
					"DEBUG=1",
					"$(inherited)",
				);
				GCC_SYMBOLS_PRIVATE_EXTERN = NO;
				GCC_WARN_64_TO_32_BIT_CONVERSION = YES;
				GCC_WARN_ABOUT_RETURN_TYPE = YES_ERROR;
				GCC_WARN_UNDECLARED_SELECTOR = YES;
				GCC_WARN_UNINITIALIZED_AUTOS = YES_AGGRESSIVE;
				GCC_WARN_UNUSED_FUNCTION = YES;
				GCC_WARN_UNUSED_VARIABLE = YES;
				IPHONEOS_DEPLOYMENT_TARGET = 8.4;
				MTL_ENABLE_DEBUG_INFO = YES;
				ONLY_ACTIVE_ARCH = YES;
				SDKROOT = iphoneos;
				SWIFT_OPTIMIZATION_LEVEL = "-Onone";
			};
			name = Debug;
		};
		88A713B21BBF8EA0007FD2CC /* Release */ = {
			isa = XCBuildConfiguration;
			buildSettings = {
				ALWAYS_SEARCH_USER_PATHS = NO;
				CLANG_CXX_LANGUAGE_STANDARD = "gnu++0x";
				CLANG_CXX_LIBRARY = "libc++";
				CLANG_ENABLE_MODULES = YES;
				CLANG_ENABLE_OBJC_ARC = YES;
				CLANG_WARN_BOOL_CONVERSION = YES;
				CLANG_WARN_CONSTANT_CONVERSION = YES;
				CLANG_WARN_DIRECT_OBJC_ISA_USAGE = YES_ERROR;
				CLANG_WARN_EMPTY_BODY = YES;
				CLANG_WARN_ENUM_CONVERSION = YES;
				CLANG_WARN_INT_CONVERSION = YES;
				CLANG_WARN_OBJC_ROOT_CLASS = YES_ERROR;
				CLANG_WARN_UNREACHABLE_CODE = YES;
				CLANG_WARN__DUPLICATE_METHOD_MATCH = YES;
				"CODE_SIGN_IDENTITY[sdk=iphoneos*]" = "iPhone Developer";
				COPY_PHASE_STRIP = NO;
				DEBUG_INFORMATION_FORMAT = "dwarf-with-dsym";
				ENABLE_NS_ASSERTIONS = NO;
				ENABLE_STRICT_OBJC_MSGSEND = YES;
				GCC_C_LANGUAGE_STANDARD = gnu99;
				GCC_NO_COMMON_BLOCKS = YES;
				GCC_WARN_64_TO_32_BIT_CONVERSION = YES;
				GCC_WARN_ABOUT_RETURN_TYPE = YES_ERROR;
				GCC_WARN_UNDECLARED_SELECTOR = YES;
				GCC_WARN_UNINITIALIZED_AUTOS = YES_AGGRESSIVE;
				GCC_WARN_UNUSED_FUNCTION = YES;
				GCC_WARN_UNUSED_VARIABLE = YES;
				IPHONEOS_DEPLOYMENT_TARGET = 8.4;
				MTL_ENABLE_DEBUG_INFO = NO;
				SDKROOT = iphoneos;
				VALIDATE_PRODUCT = YES;
			};
			name = Release;
		};
		88A713B41BBF8EA0007FD2CC /* Debug */ = {
			isa = XCBuildConfiguration;
			buildSettings = {
				ASSETCATALOG_COMPILER_APPICON_NAME = AppIcon;
				INFOPLIST_FILE = "Where Am I/Info.plist";
				LD_RUNPATH_SEARCH_PATHS = "$(inherited) @executable_path/Frameworks";
				PRODUCT_NAME = "$(TARGET_NAME)";
			};
			name = Debug;
		};
		88A713B51BBF8EA0007FD2CC /* Release */ = {
			isa = XCBuildConfiguration;
			buildSettings = {
				ASSETCATALOG_COMPILER_APPICON_NAME = AppIcon;
				INFOPLIST_FILE = "Where Am I/Info.plist";
				LD_RUNPATH_SEARCH_PATHS = "$(inherited) @executable_path/Frameworks";
				PRODUCT_NAME = "$(TARGET_NAME)";
			};
			name = Release;
		};
		88A713B71BBF8EA0007FD2CC /* Debug */ = {
			isa = XCBuildConfiguration;
			buildSettings = {
				BUNDLE_LOADER = "$(TEST_HOST)";
				FRAMEWORK_SEARCH_PATHS = (
					"$(SDKROOT)/Developer/Library/Frameworks",
					"$(inherited)",
				);
				GCC_PREPROCESSOR_DEFINITIONS = (
					"DEBUG=1",
					"$(inherited)",
				);
				INFOPLIST_FILE = "Where Am ITests/Info.plist";
				LD_RUNPATH_SEARCH_PATHS = "$(inherited) @executable_path/Frameworks @loader_path/Frameworks";
				PRODUCT_NAME = "$(TARGET_NAME)";
				TEST_HOST = "$(BUILT_PRODUCTS_DIR)/Where Am I.app/Where Am I";
			};
			name = Debug;
		};
		88A713B81BBF8EA0007FD2CC /* Release */ = {
			isa = XCBuildConfiguration;
			buildSettings = {
				BUNDLE_LOADER = "$(TEST_HOST)";
				FRAMEWORK_SEARCH_PATHS = (
					"$(SDKROOT)/Developer/Library/Frameworks",
					"$(inherited)",
				);
				INFOPLIST_FILE = "Where Am ITests/Info.plist";
				LD_RUNPATH_SEARCH_PATHS = "$(inherited) @executable_path/Frameworks @loader_path/Frameworks";
				PRODUCT_NAME = "$(TARGET_NAME)";
				TEST_HOST = "$(BUILT_PRODUCTS_DIR)/Where Am I.app/Where Am I";
			};
			name = Release;
		};
/* End XCBuildConfiguration section */

/* Begin XCConfigurationList section */
		88A7138F1BBF8EA0007FD2CC /* Build configuration list for PBXProject "Where Am I" */ = {
			isa = XCConfigurationList;
			buildConfigurations = (
				88A713B11BBF8EA0007FD2CC /* Debug */,
				88A713B21BBF8EA0007FD2CC /* Release */,
			);
			defaultConfigurationIsVisible = 0;
			defaultConfigurationName = Release;
		};
		88A713B31BBF8EA0007FD2CC /* Build configuration list for PBXNativeTarget "Where Am I" */ = {
			isa = XCConfigurationList;
			buildConfigurations = (
				88A713B41BBF8EA0007FD2CC /* Debug */,
				88A713B51BBF8EA0007FD2CC /* Release */,
			);
			defaultConfigurationIsVisible = 0;
		};
		88A713B61BBF8EA0007FD2CC /* Build configuration list for PBXNativeTarget "Where Am ITests" */ = {
			isa = XCConfigurationList;
			buildConfigurations = (
				88A713B71BBF8EA0007FD2CC /* Debug */,
				88A713B81BBF8EA0007FD2CC /* Release */,
			);
			defaultConfigurationIsVisible = 0;
		};
/* End XCConfigurationList section */
	};
	rootObject = 88A7138C1BBF8EA0007FD2CC /* Project object */;
}
