// !$*UTF8*$!
{
	archiveVersion = 1;
	classes = {
	};
	objectVersion = 46;
	objects = {

/* Begin PBXBuildFile section */
		885D57191BA8D622001E634A /* AppDelegate.swift in Sources */ = {isa = PBXBuildFile; fileRef = 885D57181BA8D622001E634A /* AppDelegate.swift */; };
		885D571B1BA8D622001E634A /* ViewController.swift in Sources */ = {isa = PBXBuildFile; fileRef = 885D571A1BA8D622001E634A /* ViewController.swift */; };
		885D571E1BA8D622001E634A /* Main.storyboard in Resources */ = {isa = PBXBuildFile; fileRef = 885D571C1BA8D622001E634A /* Main.storyboard */; };
		885D57201BA8D622001E634A /* Images.xcassets in Resources */ = {isa = PBXBuildFile; fileRef = 885D571F1BA8D622001E634A /* Images.xcassets */; };
		885D57231BA8D622001E634A /* LaunchScreen.xib in Resources */ = {isa = PBXBuildFile; fileRef = 885D57211BA8D622001E634A /* LaunchScreen.xib */; };
		885D572F1BA8D622001E634A /* Times_TablesTests.swift in Sources */ = {isa = PBXBuildFile; fileRef = 885D572E1BA8D622001E634A /* Times_TablesTests.swift */; };
/* End PBXBuildFile section */

/* Begin PBXContainerItemProxy section */
		885D57291BA8D622001E634A /* PBXContainerItemProxy */ = {
			isa = PBXContainerItemProxy;
			containerPortal = 885D570B1BA8D622001E634A /* Project object */;
			proxyType = 1;
			remoteGlobalIDString = 885D57121BA8D622001E634A;
			remoteInfo = "Times Tables";
		};
/* End PBXContainerItemProxy section */

/* Begin PBXFileReference section */
		885D57131BA8D622001E634A /* Times Tables.app */ = {isa = PBXFileReference; explicitFileType = wrapper.application; includeInIndex = 0; path = "Times Tables.app"; sourceTree = BUILT_PRODUCTS_DIR; };
		885D57171BA8D622001E634A /* Info.plist */ = {isa = PBXFileReference; lastKnownFileType = text.plist.xml; path = Info.plist; sourceTree = "<group>"; };
		885D57181BA8D622001E634A /* AppDelegate.swift */ = {isa = PBXFileReference; lastKnownFileType = sourcecode.swift; path = AppDelegate.swift; sourceTree = "<group>"; };
		885D571A1BA8D622001E634A /* ViewController.swift */ = {isa = PBXFileReference; lastKnownFileType = sourcecode.swift; path = ViewController.swift; sourceTree = "<group>"; };
		885D571D1BA8D622001E634A /* Base */ = {isa = PBXFileReference; lastKnownFileType = file.storyboard; name = Base; path = Base.lproj/Main.storyboard; sourceTree = "<group>"; };
		885D571F1BA8D622001E634A /* Images.xcassets */ = {isa = PBXFileReference; lastKnownFileType = folder.assetcatalog; path = Images.xcassets; sourceTree = "<group>"; };
		885D57221BA8D622001E634A /* Base */ = {isa = PBXFileReference; lastKnownFileType = file.xib; name = Base; path = Base.lproj/LaunchScreen.xib; sourceTree = "<group>"; };
		885D57281BA8D622001E634A /* Times TablesTests.xctest */ = {isa = PBXFileReference; explicitFileType = wrapper.cfbundle; includeInIndex = 0; path = "Times TablesTests.xctest"; sourceTree = BUILT_PRODUCTS_DIR; };
		885D572D1BA8D622001E634A /* Info.plist */ = {isa = PBXFileReference; lastKnownFileType = text.plist.xml; path = Info.plist; sourceTree = "<group>"; };
		885D572E1BA8D622001E634A /* Times_TablesTests.swift */ = {isa = PBXFileReference; lastKnownFileType = sourcecode.swift; path = Times_TablesTests.swift; sourceTree = "<group>"; };
/* End PBXFileReference section */

/* Begin PBXFrameworksBuildPhase section */
		885D57101BA8D622001E634A /* Frameworks */ = {
			isa = PBXFrameworksBuildPhase;
			buildActionMask = 2147483647;
			files = (
			);
			runOnlyForDeploymentPostprocessing = 0;
		};
		885D57251BA8D622001E634A /* Frameworks */ = {
			isa = PBXFrameworksBuildPhase;
			buildActionMask = 2147483647;
			files = (
			);
			runOnlyForDeploymentPostprocessing = 0;
		};
/* End PBXFrameworksBuildPhase section */

/* Begin PBXGroup section */
		885D570A1BA8D622001E634A = {
			isa = PBXGroup;
			children = (
				885D57151BA8D622001E634A /* Times Tables */,
				885D572B1BA8D622001E634A /* Times TablesTests */,
				885D57141BA8D622001E634A /* Products */,
			);
			sourceTree = "<group>";
		};
		885D57141BA8D622001E634A /* Products */ = {
			isa = PBXGroup;
			children = (
				885D57131BA8D622001E634A /* Times Tables.app */,
				885D57281BA8D622001E634A /* Times TablesTests.xctest */,
			);
			name = Products;
			sourceTree = "<group>";
		};
		885D57151BA8D622001E634A /* Times Tables */ = {
			isa = PBXGroup;
			children = (
				885D57181BA8D622001E634A /* AppDelegate.swift */,
				885D571A1BA8D622001E634A /* ViewController.swift */,
				885D571C1BA8D622001E634A /* Main.storyboard */,
				885D571F1BA8D622001E634A /* Images.xcassets */,
				885D57211BA8D622001E634A /* LaunchScreen.xib */,
				885D57161BA8D622001E634A /* Supporting Files */,
			);
			path = "Times Tables";
			sourceTree = "<group>";
		};
		885D57161BA8D622001E634A /* Supporting Files */ = {
			isa = PBXGroup;
			children = (
				885D57171BA8D622001E634A /* Info.plist */,
			);
			name = "Supporting Files";
			sourceTree = "<group>";
		};
		885D572B1BA8D622001E634A /* Times TablesTests */ = {
			isa = PBXGroup;
			children = (
				885D572E1BA8D622001E634A /* Times_TablesTests.swift */,
				885D572C1BA8D622001E634A /* Supporting Files */,
			);
			path = "Times TablesTests";
			sourceTree = "<group>";
		};
		885D572C1BA8D622001E634A /* Supporting Files */ = {
			isa = PBXGroup;
			children = (
				885D572D1BA8D622001E634A /* Info.plist */,
			);
			name = "Supporting Files";
			sourceTree = "<group>";
		};
/* End PBXGroup section */

/* Begin PBXNativeTarget section */
		885D57121BA8D622001E634A /* Times Tables */ = {
			isa = PBXNativeTarget;
			buildConfigurationList = 885D57321BA8D622001E634A /* Build configuration list for PBXNativeTarget "Times Tables" */;
			buildPhases = (
				885D570F1BA8D622001E634A /* Sources */,
				885D57101BA8D622001E634A /* Frameworks */,
				885D57111BA8D622001E634A /* Resources */,
			);
			buildRules = (
			);
			dependencies = (
			);
			name = "Times Tables";
			productName = "Times Tables";
			productReference = 885D57131BA8D622001E634A /* Times Tables.app */;
			productType = "com.apple.product-type.application";
		};
		885D57271BA8D622001E634A /* Times TablesTests */ = {
			isa = PBXNativeTarget;
			buildConfigurationList = 885D57351BA8D622001E634A /* Build configuration list for PBXNativeTarget "Times TablesTests" */;
			buildPhases = (
				885D57241BA8D622001E634A /* Sources */,
				885D57251BA8D622001E634A /* Frameworks */,
				885D57261BA8D622001E634A /* Resources */,
			);
			buildRules = (
			);
			dependencies = (
				885D572A1BA8D622001E634A /* PBXTargetDependency */,
			);
			name = "Times TablesTests";
			productName = "Times TablesTests";
			productReference = 885D57281BA8D622001E634A /* Times TablesTests.xctest */;
			productType = "com.apple.product-type.bundle.unit-test";
		};
/* End PBXNativeTarget section */

/* Begin PBXProject section */
		885D570B1BA8D622001E634A /* Project object */ = {
			isa = PBXProject;
			attributes = {
				LastUpgradeCheck = 0640;
				ORGANIZATIONNAME = LukasGP;
				TargetAttributes = {
					885D57121BA8D622001E634A = {
						CreatedOnToolsVersion = 6.4;
					};
					885D57271BA8D622001E634A = {
						CreatedOnToolsVersion = 6.4;
						TestTargetID = 885D57121BA8D622001E634A;
					};
				};
			};
			buildConfigurationList = 885D570E1BA8D622001E634A /* Build configuration list for PBXProject "Times Tables" */;
			compatibilityVersion = "Xcode 3.2";
			developmentRegion = English;
			hasScannedForEncodings = 0;
			knownRegions = (
				en,
				Base,
			);
			mainGroup = 885D570A1BA8D622001E634A;
			productRefGroup = 885D57141BA8D622001E634A /* Products */;
			projectDirPath = "";
			projectRoot = "";
			targets = (
				885D57121BA8D622001E634A /* Times Tables */,
				885D57271BA8D622001E634A /* Times TablesTests */,
			);
		};
/* End PBXProject section */

/* Begin PBXResourcesBuildPhase section */
		885D57111BA8D622001E634A /* Resources */ = {
			isa = PBXResourcesBuildPhase;
			buildActionMask = 2147483647;
			files = (
				885D571E1BA8D622001E634A /* Main.storyboard in Resources */,
				885D57231BA8D622001E634A /* LaunchScreen.xib in Resources */,
				885D57201BA8D622001E634A /* Images.xcassets in Resources */,
			);
			runOnlyForDeploymentPostprocessing = 0;
		};
		885D57261BA8D622001E634A /* Resources */ = {
			isa = PBXResourcesBuildPhase;
			buildActionMask = 2147483647;
			files = (
			);
			runOnlyForDeploymentPostprocessing = 0;
		};
/* End PBXResourcesBuildPhase section */

/* Begin PBXSourcesBuildPhase section */
		885D570F1BA8D622001E634A /* Sources */ = {
			isa = PBXSourcesBuildPhase;
			buildActionMask = 2147483647;
			files = (
				885D571B1BA8D622001E634A /* ViewController.swift in Sources */,
				885D57191BA8D622001E634A /* AppDelegate.swift in Sources */,
			);
			runOnlyForDeploymentPostprocessing = 0;
		};
		885D57241BA8D622001E634A /* Sources */ = {
			isa = PBXSourcesBuildPhase;
			buildActionMask = 2147483647;
			files = (
				885D572F1BA8D622001E634A /* Times_TablesTests.swift in Sources */,
			);
			runOnlyForDeploymentPostprocessing = 0;
		};
/* End PBXSourcesBuildPhase section */

/* Begin PBXTargetDependency section */
		885D572A1BA8D622001E634A /* PBXTargetDependency */ = {
			isa = PBXTargetDependency;
			target = 885D57121BA8D622001E634A /* Times Tables */;
			targetProxy = 885D57291BA8D622001E634A /* PBXContainerItemProxy */;
		};
/* End PBXTargetDependency section */

/* Begin PBXVariantGroup section */
		885D571C1BA8D622001E634A /* Main.storyboard */ = {
			isa = PBXVariantGroup;
			children = (
				885D571D1BA8D622001E634A /* Base */,
			);
			name = Main.storyboard;
			sourceTree = "<group>";
		};
		885D57211BA8D622001E634A /* LaunchScreen.xib */ = {
			isa = PBXVariantGroup;
			children = (
				885D57221BA8D622001E634A /* Base */,
			);
			name = LaunchScreen.xib;
			sourceTree = "<group>";
		};
/* End PBXVariantGroup section */

/* Begin XCBuildConfiguration section */
		885D57301BA8D622001E634A /* Debug */ = {
			isa = XCBuildConfiguration;
			buildSettings = {
				ALWAYS_SEARCH_USER_PATHS = NO;
				CLANG_CXX_LANGUAGE_STANDARD = "gnu++0x";
				CLANG_CXX_LIBRARY = "libc++";
				CLANG_ENABLE_MODULES = YES;
				CLANG_ENABLE_OBJC_ARC = YES;
				CLANG_WARN_BOOL_CONVERSION = YES;
				CLANG_WARN_CONSTANT_CONVERSION = YES;
				CLANG_WARN_DIRECT_OBJC_ISA_USAGE = YES_ERROR;
				CLANG_WARN_EMPTY_BODY = YES;
				CLANG_WARN_ENUM_CONVERSION = YES;
				CLANG_WARN_INT_CONVERSION = YES;
				CLANG_WARN_OBJC_ROOT_CLASS = YES_ERROR;
				CLANG_WARN_UNREACHABLE_CODE = YES;
				CLANG_WARN__DUPLICATE_METHOD_MATCH = YES;
				"CODE_SIGN_IDENTITY[sdk=iphoneos*]" = "iPhone Developer";
				COPY_PHASE_STRIP = NO;
				DEBUG_INFORMATION_FORMAT = "dwarf-with-dsym";
				ENABLE_STRICT_OBJC_MSGSEND = YES;
				GCC_C_LANGUAGE_STANDARD = gnu99;
				GCC_DYNAMIC_NO_PIC = NO;
				GCC_NO_COMMON_BLOCKS = YES;
				GCC_OPTIMIZATION_LEVEL = 0;
				GCC_PREPROCESSOR_DEFINITIONS = (
					"DEBUG=1",
					"$(inherited)",
				);
				GCC_SYMBOLS_PRIVATE_EXTERN = NO;
				GCC_WARN_64_TO_32_BIT_CONVERSION = YES;
				GCC_WARN_ABOUT_RETURN_TYPE = YES_ERROR;
				GCC_WARN_UNDECLARED_SELECTOR = YES;
				GCC_WARN_UNINITIALIZED_AUTOS = YES_AGGRESSIVE;
				GCC_WARN_UNUSED_FUNCTION = YES;
				GCC_WARN_UNUSED_VARIABLE = YES;
				IPHONEOS_DEPLOYMENT_TARGET = 8.4;
				MTL_ENABLE_DEBUG_INFO = YES;
				ONLY_ACTIVE_ARCH = YES;
				SDKROOT = iphoneos;
				SWIFT_OPTIMIZATION_LEVEL = "-Onone";
			};
			name = Debug;
		};
		885D57311BA8D622001E634A /* Release */ = {
			isa = XCBuildConfiguration;
			buildSettings = {
				ALWAYS_SEARCH_USER_PATHS = NO;
				CLANG_CXX_LANGUAGE_STANDARD = "gnu++0x";
				CLANG_CXX_LIBRARY = "libc++";
				CLANG_ENABLE_MODULES = YES;
				CLANG_ENABLE_OBJC_ARC = YES;
				CLANG_WARN_BOOL_CONVERSION = YES;
				CLANG_WARN_CONSTANT_CONVERSION = YES;
				CLANG_WARN_DIRECT_OBJC_ISA_USAGE = YES_ERROR;
				CLANG_WARN_EMPTY_BODY = YES;
				CLANG_WARN_ENUM_CONVERSION = YES;
				CLANG_WARN_INT_CONVERSION = YES;
				CLANG_WARN_OBJC_ROOT_CLASS = YES_ERROR;
				CLANG_WARN_UNREACHABLE_CODE = YES;
				CLANG_WARN__DUPLICATE_METHOD_MATCH = YES;
				"CODE_SIGN_IDENTITY[sdk=iphoneos*]" = "iPhone Developer";
				COPY_PHASE_STRIP = NO;
				DEBUG_INFORMATION_FORMAT = "dwarf-with-dsym";
				ENABLE_NS_ASSERTIONS = NO;
				ENABLE_STRICT_OBJC_MSGSEND = YES;
				GCC_C_LANGUAGE_STANDARD = gnu99;
				GCC_NO_COMMON_BLOCKS = YES;
				GCC_WARN_64_TO_32_BIT_CONVERSION = YES;
				GCC_WARN_ABOUT_RETURN_TYPE = YES_ERROR;
				GCC_WARN_UNDECLARED_SELECTOR = YES;
				GCC_WARN_UNINITIALIZED_AUTOS = YES_AGGRESSIVE;
				GCC_WARN_UNUSED_FUNCTION = YES;
				GCC_WARN_UNUSED_VARIABLE = YES;
				IPHONEOS_DEPLOYMENT_TARGET = 8.4;
				MTL_ENABLE_DEBUG_INFO = NO;
				SDKROOT = iphoneos;
				VALIDATE_PRODUCT = YES;
			};
			name = Release;
		};
		885D57331BA8D622001E634A /* Debug */ = {
			isa = XCBuildConfiguration;
			buildSettings = {
				ASSETCATALOG_COMPILER_APPICON_NAME = AppIcon;
				INFOPLIST_FILE = "Times Tables/Info.plist";
				LD_RUNPATH_SEARCH_PATHS = "$(inherited) @executable_path/Frameworks";
				PRODUCT_NAME = "$(TARGET_NAME)";
			};
			name = Debug;
		};
		885D57341BA8D622001E634A /* Release */ = {
			isa = XCBuildConfiguration;
			buildSettings = {
				ASSETCATALOG_COMPILER_APPICON_NAME = AppIcon;
				INFOPLIST_FILE = "Times Tables/Info.plist";
				LD_RUNPATH_SEARCH_PATHS = "$(inherited) @executable_path/Frameworks";
				PRODUCT_NAME = "$(TARGET_NAME)";
			};
			name = Release;
		};
		885D57361BA8D622001E634A /* Debug */ = {
			isa = XCBuildConfiguration;
			buildSettings = {
				BUNDLE_LOADER = "$(TEST_HOST)";
				FRAMEWORK_SEARCH_PATHS = (
					"$(SDKROOT)/Developer/Library/Frameworks",
					"$(inherited)",
				);
				GCC_PREPROCESSOR_DEFINITIONS = (
					"DEBUG=1",
					"$(inherited)",
				);
				INFOPLIST_FILE = "Times TablesTests/Info.plist";
				LD_RUNPATH_SEARCH_PATHS = "$(inherited) @executable_path/Frameworks @loader_path/Frameworks";
				PRODUCT_NAME = "$(TARGET_NAME)";
				TEST_HOST = "$(BUILT_PRODUCTS_DIR)/Times Tables.app/Times Tables";
			};
			name = Debug;
		};
		885D57371BA8D622001E634A /* Release */ = {
			isa = XCBuildConfiguration;
			buildSettings = {
				BUNDLE_LOADER = "$(TEST_HOST)";
				FRAMEWORK_SEARCH_PATHS = (
					"$(SDKROOT)/Developer/Library/Frameworks",
					"$(inherited)",
				);
				INFOPLIST_FILE = "Times TablesTests/Info.plist";
				LD_RUNPATH_SEARCH_PATHS = "$(inherited) @executable_path/Frameworks @loader_path/Frameworks";
				PRODUCT_NAME = "$(TARGET_NAME)";
				TEST_HOST = "$(BUILT_PRODUCTS_DIR)/Times Tables.app/Times Tables";
			};
			name = Release;
		};
/* End XCBuildConfiguration section */

/* Begin XCConfigurationList section */
		885D570E1BA8D622001E634A /* Build configuration list for PBXProject "Times Tables" */ = {
			isa = XCConfigurationList;
			buildConfigurations = (
				885D57301BA8D622001E634A /* Debug */,
				885D57311BA8D622001E634A /* Release */,
			);
			defaultConfigurationIsVisible = 0;
			defaultConfigurationName = Release;
		};
		885D57321BA8D622001E634A /* Build configuration list for PBXNativeTarget "Times Tables" */ = {
			isa = XCConfigurationList;
			buildConfigurations = (
				885D57331BA8D622001E634A /* Debug */,
				885D57341BA8D622001E634A /* Release */,
			);
			defaultConfigurationIsVisible = 0;
		};
		885D57351BA8D622001E634A /* Build configuration list for PBXNativeTarget "Times TablesTests" */ = {
			isa = XCConfigurationList;
			buildConfigurations = (
				885D57361BA8D622001E634A /* Debug */,
				885D57371BA8D622001E634A /* Release */,
			);
			defaultConfigurationIsVisible = 0;
		};
/* End XCConfigurationList section */
	};
	rootObject = 885D570B1BA8D622001E634A /* Project object */;
}
