// !$*UTF8*$!
{
	archiveVersion = 1;
	classes = {
	};
	objectVersion = 46;
	objects = {

/* Begin PBXBuildFile section */
		88F4F7C61C54265B006F83AE /* AppDelegate.swift in Sources */ = {isa = PBXBuildFile; fileRef = 88F4F7C51C54265B006F83AE /* AppDelegate.swift */; };
		88F4F7C81C54265B006F83AE /* ViewController.swift in Sources */ = {isa = PBXBuildFile; fileRef = 88F4F7C71C54265B006F83AE /* ViewController.swift */; };
		88F4F7CB1C54265B006F83AE /* Main.storyboard in Resources */ = {isa = PBXBuildFile; fileRef = 88F4F7C91C54265B006F83AE /* Main.storyboard */; };
		88F4F7CD1C54265B006F83AE /* Images.xcassets in Resources */ = {isa = PBXBuildFile; fileRef = 88F4F7CC1C54265B006F83AE /* Images.xcassets */; };
		88F4F7D01C54265B006F83AE /* LaunchScreen.xib in Resources */ = {isa = PBXBuildFile; fileRef = 88F4F7CE1C54265B006F83AE /* LaunchScreen.xib */; };
		88F4F7DC1C54265B006F83AE /* ShakeSongTests.swift in Sources */ = {isa = PBXBuildFile; fileRef = 88F4F7DB1C54265B006F83AE /* ShakeSongTests.swift */; };
		88F4F7EE1C542D85006F83AE /* One.mp3 in Resources */ = {isa = PBXBuildFile; fileRef = 88F4F7E51C542D85006F83AE /* One.mp3 */; };
		88F4F7EF1C542D85006F83AE /* Two.mp3 in Resources */ = {isa = PBXBuildFile; fileRef = 88F4F7E61C542D85006F83AE /* Two.mp3 */; };
		88F4F7F01C542D85006F83AE /* Three.mp3 in Resources */ = {isa = PBXBuildFile; fileRef = 88F4F7E71C542D85006F83AE /* Three.mp3 */; };
		88F4F7F11C542D85006F83AE /* Four.mp3 in Resources */ = {isa = PBXBuildFile; fileRef = 88F4F7E81C542D85006F83AE /* Four.mp3 */; };
		88F4F7F21C542D85006F83AE /* Five.mp3 in Resources */ = {isa = PBXBuildFile; fileRef = 88F4F7E91C542D85006F83AE /* Five.mp3 */; };
		88F4F7F31C542D85006F83AE /* Six.mp3 in Resources */ = {isa = PBXBuildFile; fileRef = 88F4F7EA1C542D85006F83AE /* Six.mp3 */; };
		88F4F7F41C542D85006F83AE /* Seven.mp3 in Resources */ = {isa = PBXBuildFile; fileRef = 88F4F7EB1C542D85006F83AE /* Seven.mp3 */; };
		88F4F7F51C542D85006F83AE /* Eight.mp3 in Resources */ = {isa = PBXBuildFile; fileRef = 88F4F7EC1C542D85006F83AE /* Eight.mp3 */; };
		88F4F7F61C542D85006F83AE /* Nine.mp3 in Resources */ = {isa = PBXBuildFile; fileRef = 88F4F7ED1C542D85006F83AE /* Nine.mp3 */; };
/* End PBXBuildFile section */

/* Begin PBXContainerItemProxy section */
		88F4F7D61C54265B006F83AE /* PBXContainerItemProxy */ = {
			isa = PBXContainerItemProxy;
			containerPortal = 88F4F7B81C54265B006F83AE /* Project object */;
			proxyType = 1;
			remoteGlobalIDString = 88F4F7BF1C54265B006F83AE;
			remoteInfo = ShakeSong;
		};
/* End PBXContainerItemProxy section */

/* Begin PBXFileReference section */
		88F4F7C01C54265B006F83AE /* ShakeSong.app */ = {isa = PBXFileReference; explicitFileType = wrapper.application; includeInIndex = 0; path = ShakeSong.app; sourceTree = BUILT_PRODUCTS_DIR; };
		88F4F7C41C54265B006F83AE /* Info.plist */ = {isa = PBXFileReference; lastKnownFileType = text.plist.xml; path = Info.plist; sourceTree = "<group>"; };
		88F4F7C51C54265B006F83AE /* AppDelegate.swift */ = {isa = PBXFileReference; lastKnownFileType = sourcecode.swift; path = AppDelegate.swift; sourceTree = "<group>"; };
		88F4F7C71C54265B006F83AE /* ViewController.swift */ = {isa = PBXFileReference; lastKnownFileType = sourcecode.swift; path = ViewController.swift; sourceTree = "<group>"; };
		88F4F7CA1C54265B006F83AE /* Base */ = {isa = PBXFileReference; lastKnownFileType = file.storyboard; name = Base; path = Base.lproj/Main.storyboard; sourceTree = "<group>"; };
		88F4F7CC1C54265B006F83AE /* Images.xcassets */ = {isa = PBXFileReference; lastKnownFileType = folder.assetcatalog; path = Images.xcassets; sourceTree = "<group>"; };
		88F4F7CF1C54265B006F83AE /* Base */ = {isa = PBXFileReference; lastKnownFileType = file.xib; name = Base; path = Base.lproj/LaunchScreen.xib; sourceTree = "<group>"; };
		88F4F7D51C54265B006F83AE /* ShakeSongTests.xctest */ = {isa = PBXFileReference; explicitFileType = wrapper.cfbundle; includeInIndex = 0; path = ShakeSongTests.xctest; sourceTree = BUILT_PRODUCTS_DIR; };
		88F4F7DA1C54265B006F83AE /* Info.plist */ = {isa = PBXFileReference; lastKnownFileType = text.plist.xml; path = Info.plist; sourceTree = "<group>"; };
		88F4F7DB1C54265B006F83AE /* ShakeSongTests.swift */ = {isa = PBXFileReference; lastKnownFileType = sourcecode.swift; path = ShakeSongTests.swift; sourceTree = "<group>"; };
		88F4F7E51C542D85006F83AE /* One.mp3 */ = {isa = PBXFileReference; lastKnownFileType = audio.mp3; path = One.mp3; sourceTree = "<group>"; };
		88F4F7E61C542D85006F83AE /* Two.mp3 */ = {isa = PBXFileReference; lastKnownFileType = audio.mp3; path = Two.mp3; sourceTree = "<group>"; };
		88F4F7E71C542D85006F83AE /* Three.mp3 */ = {isa = PBXFileReference; lastKnownFileType = audio.mp3; path = Three.mp3; sourceTree = "<group>"; };
		88F4F7E81C542D85006F83AE /* Four.mp3 */ = {isa = PBXFileReference; lastKnownFileType = audio.mp3; path = Four.mp3; sourceTree = "<group>"; };
		88F4F7E91C542D85006F83AE /* Five.mp3 */ = {isa = PBXFileReference; lastKnownFileType = audio.mp3; path = Five.mp3; sourceTree = "<group>"; };
		88F4F7EA1C542D85006F83AE /* Six.mp3 */ = {isa = PBXFileReference; lastKnownFileType = audio.mp3; path = Six.mp3; sourceTree = "<group>"; };
		88F4F7EB1C542D85006F83AE /* Seven.mp3 */ = {isa = PBXFileReference; lastKnownFileType = audio.mp3; path = Seven.mp3; sourceTree = "<group>"; };
		88F4F7EC1C542D85006F83AE /* Eight.mp3 */ = {isa = PBXFileReference; lastKnownFileType = audio.mp3; path = Eight.mp3; sourceTree = "<group>"; };
		88F4F7ED1C542D85006F83AE /* Nine.mp3 */ = {isa = PBXFileReference; lastKnownFileType = audio.mp3; path = Nine.mp3; sourceTree = "<group>"; };
/* End PBXFileReference section */

/* Begin PBXFrameworksBuildPhase section */
		88F4F7BD1C54265B006F83AE /* Frameworks */ = {
			isa = PBXFrameworksBuildPhase;
			buildActionMask = 2147483647;
			files = (
			);
			runOnlyForDeploymentPostprocessing = 0;
		};
		88F4F7D21C54265B006F83AE /* Frameworks */ = {
			isa = PBXFrameworksBuildPhase;
			buildActionMask = 2147483647;
			files = (
			);
			runOnlyForDeploymentPostprocessing = 0;
		};
/* End PBXFrameworksBuildPhase section */

/* Begin PBXGroup section */
		88F4F7B71C54265B006F83AE = {
			isa = PBXGroup;
			children = (
				88F4F7C21C54265B006F83AE /* ShakeSong */,
				88F4F7D81C54265B006F83AE /* ShakeSongTests */,
				88F4F7C11C54265B006F83AE /* Products */,
			);
			sourceTree = "<group>";
		};
		88F4F7C11C54265B006F83AE /* Products */ = {
			isa = PBXGroup;
			children = (
				88F4F7C01C54265B006F83AE /* ShakeSong.app */,
				88F4F7D51C54265B006F83AE /* ShakeSongTests.xctest */,
			);
			name = Products;
			sourceTree = "<group>";
		};
		88F4F7C21C54265B006F83AE /* ShakeSong */ = {
			isa = PBXGroup;
			children = (
				88F4F7C51C54265B006F83AE /* AppDelegate.swift */,
				88F4F7F71C542E5A006F83AE /* Sounds */,
				88F4F7C71C54265B006F83AE /* ViewController.swift */,
				88F4F7C91C54265B006F83AE /* Main.storyboard */,
				88F4F7CC1C54265B006F83AE /* Images.xcassets */,
				88F4F7CE1C54265B006F83AE /* LaunchScreen.xib */,
				88F4F7C31C54265B006F83AE /* Supporting Files */,
			);
			path = ShakeSong;
			sourceTree = "<group>";
		};
		88F4F7C31C54265B006F83AE /* Supporting Files */ = {
			isa = PBXGroup;
			children = (
				88F4F7C41C54265B006F83AE /* Info.plist */,
			);
			name = "Supporting Files";
			sourceTree = "<group>";
		};
		88F4F7D81C54265B006F83AE /* ShakeSongTests */ = {
			isa = PBXGroup;
			children = (
				88F4F7DB1C54265B006F83AE /* ShakeSongTests.swift */,
				88F4F7D91C54265B006F83AE /* Supporting Files */,
			);
			path = ShakeSongTests;
			sourceTree = "<group>";
		};
		88F4F7D91C54265B006F83AE /* Supporting Files */ = {
			isa = PBXGroup;
			children = (
				88F4F7DA1C54265B006F83AE /* Info.plist */,
			);
			name = "Supporting Files";
			sourceTree = "<group>";
		};
		88F4F7F71C542E5A006F83AE /* Sounds */ = {
			isa = PBXGroup;
			children = (
				88F4F7E51C542D85006F83AE /* One.mp3 */,
				88F4F7E61C542D85006F83AE /* Two.mp3 */,
				88F4F7E71C542D85006F83AE /* Three.mp3 */,
				88F4F7E81C542D85006F83AE /* Four.mp3 */,
				88F4F7E91C542D85006F83AE /* Five.mp3 */,
				88F4F7EA1C542D85006F83AE /* Six.mp3 */,
				88F4F7EB1C542D85006F83AE /* Seven.mp3 */,
				88F4F7EC1C542D85006F83AE /* Eight.mp3 */,
				88F4F7ED1C542D85006F83AE /* Nine.mp3 */,
			);
			name = Sounds;
			sourceTree = "<group>";
		};
/* End PBXGroup section */

/* Begin PBXNativeTarget section */
		88F4F7BF1C54265B006F83AE /* ShakeSong */ = {
			isa = PBXNativeTarget;
			buildConfigurationList = 88F4F7DF1C54265B006F83AE /* Build configuration list for PBXNativeTarget "ShakeSong" */;
			buildPhases = (
				88F4F7BC1C54265B006F83AE /* Sources */,
				88F4F7BD1C54265B006F83AE /* Frameworks */,
				88F4F7BE1C54265B006F83AE /* Resources */,
			);
			buildRules = (
			);
			dependencies = (
			);
			name = ShakeSong;
			productName = ShakeSong;
			productReference = 88F4F7C01C54265B006F83AE /* ShakeSong.app */;
			productType = "com.apple.product-type.application";
		};
		88F4F7D41C54265B006F83AE /* ShakeSongTests */ = {
			isa = PBXNativeTarget;
			buildConfigurationList = 88F4F7E21C54265B006F83AE /* Build configuration list for PBXNativeTarget "ShakeSongTests" */;
			buildPhases = (
				88F4F7D11C54265B006F83AE /* Sources */,
				88F4F7D21C54265B006F83AE /* Frameworks */,
				88F4F7D31C54265B006F83AE /* Resources */,
			);
			buildRules = (
			);
			dependencies = (
				88F4F7D71C54265B006F83AE /* PBXTargetDependency */,
			);
			name = ShakeSongTests;
			productName = ShakeSongTests;
			productReference = 88F4F7D51C54265B006F83AE /* ShakeSongTests.xctest */;
			productType = "com.apple.product-type.bundle.unit-test";
		};
/* End PBXNativeTarget section */

/* Begin PBXProject section */
		88F4F7B81C54265B006F83AE /* Project object */ = {
			isa = PBXProject;
			attributes = {
				LastUpgradeCheck = 0640;
				ORGANIZATIONNAME = LukasGP;
				TargetAttributes = {
					88F4F7BF1C54265B006F83AE = {
						CreatedOnToolsVersion = 6.4;
					};
					88F4F7D41C54265B006F83AE = {
						CreatedOnToolsVersion = 6.4;
						TestTargetID = 88F4F7BF1C54265B006F83AE;
					};
				};
			};
			buildConfigurationList = 88F4F7BB1C54265B006F83AE /* Build configuration list for PBXProject "ShakeSong" */;
			compatibilityVersion = "Xcode 3.2";
			developmentRegion = English;
			hasScannedForEncodings = 0;
			knownRegions = (
				en,
				Base,
			);
			mainGroup = 88F4F7B71C54265B006F83AE;
			productRefGroup = 88F4F7C11C54265B006F83AE /* Products */;
			projectDirPath = "";
			projectRoot = "";
			targets = (
				88F4F7BF1C54265B006F83AE /* ShakeSong */,
				88F4F7D41C54265B006F83AE /* ShakeSongTests */,
			);
		};
/* End PBXProject section */

/* Begin PBXResourcesBuildPhase section */
		88F4F7BE1C54265B006F83AE /* Resources */ = {
			isa = PBXResourcesBuildPhase;
			buildActionMask = 2147483647;
			files = (
				88F4F7F21C542D85006F83AE /* Five.mp3 in Resources */,
				88F4F7F51C542D85006F83AE /* Eight.mp3 in Resources */,
				88F4F7F31C542D85006F83AE /* Six.mp3 in Resources */,
				88F4F7F41C542D85006F83AE /* Seven.mp3 in Resources */,
				88F4F7CB1C54265B006F83AE /* Main.storyboard in Resources */,
				88F4F7EF1C542D85006F83AE /* Two.mp3 in Resources */,
				88F4F7D01C54265B006F83AE /* LaunchScreen.xib in Resources */,
				88F4F7F11C542D85006F83AE /* Four.mp3 in Resources */,
				88F4F7F61C542D85006F83AE /* Nine.mp3 in Resources */,
				88F4F7CD1C54265B006F83AE /* Images.xcassets in Resources */,
				88F4F7EE1C542D85006F83AE /* One.mp3 in Resources */,
				88F4F7F01C542D85006F83AE /* Three.mp3 in Resources */,
			);
			runOnlyForDeploymentPostprocessing = 0;
		};
		88F4F7D31C54265B006F83AE /* Resources */ = {
			isa = PBXResourcesBuildPhase;
			buildActionMask = 2147483647;
			files = (
			);
			runOnlyForDeploymentPostprocessing = 0;
		};
/* End PBXResourcesBuildPhase section */

/* Begin PBXSourcesBuildPhase section */
		88F4F7BC1C54265B006F83AE /* Sources */ = {
			isa = PBXSourcesBuildPhase;
			buildActionMask = 2147483647;
			files = (
				88F4F7C81C54265B006F83AE /* ViewController.swift in Sources */,
				88F4F7C61C54265B006F83AE /* AppDelegate.swift in Sources */,
			);
			runOnlyForDeploymentPostprocessing = 0;
		};
		88F4F7D11C54265B006F83AE /* Sources */ = {
			isa = PBXSourcesBuildPhase;
			buildActionMask = 2147483647;
			files = (
				88F4F7DC1C54265B006F83AE /* ShakeSongTests.swift in Sources */,
			);
			runOnlyForDeploymentPostprocessing = 0;
		};
/* End PBXSourcesBuildPhase section */

/* Begin PBXTargetDependency section */
		88F4F7D71C54265B006F83AE /* PBXTargetDependency */ = {
			isa = PBXTargetDependency;
			target = 88F4F7BF1C54265B006F83AE /* ShakeSong */;
			targetProxy = 88F4F7D61C54265B006F83AE /* PBXContainerItemProxy */;
		};
/* End PBXTargetDependency section */

/* Begin PBXVariantGroup section */
		88F4F7C91C54265B006F83AE /* Main.storyboard */ = {
			isa = PBXVariantGroup;
			children = (
				88F4F7CA1C54265B006F83AE /* Base */,
			);
			name = Main.storyboard;
			sourceTree = "<group>";
		};
		88F4F7CE1C54265B006F83AE /* LaunchScreen.xib */ = {
			isa = PBXVariantGroup;
			children = (
				88F4F7CF1C54265B006F83AE /* Base */,
			);
			name = LaunchScreen.xib;
			sourceTree = "<group>";
		};
/* End PBXVariantGroup section */

/* Begin XCBuildConfiguration section */
		88F4F7DD1C54265B006F83AE /* Debug */ = {
			isa = XCBuildConfiguration;
			buildSettings = {
				ALWAYS_SEARCH_USER_PATHS = NO;
				CLANG_CXX_LANGUAGE_STANDARD = "gnu++0x";
				CLANG_CXX_LIBRARY = "libc++";
				CLANG_ENABLE_MODULES = YES;
				CLANG_ENABLE_OBJC_ARC = YES;
				CLANG_WARN_BOOL_CONVERSION = YES;
				CLANG_WARN_CONSTANT_CONVERSION = YES;
				CLANG_WARN_DIRECT_OBJC_ISA_USAGE = YES_ERROR;
				CLANG_WARN_EMPTY_BODY = YES;
				CLANG_WARN_ENUM_CONVERSION = YES;
				CLANG_WARN_INT_CONVERSION = YES;
				CLANG_WARN_OBJC_ROOT_CLASS = YES_ERROR;
				CLANG_WARN_UNREACHABLE_CODE = YES;
				CLANG_WARN__DUPLICATE_METHOD_MATCH = YES;
				"CODE_SIGN_IDENTITY[sdk=iphoneos*]" = "iPhone Developer";
				COPY_PHASE_STRIP = NO;
				DEBUG_INFORMATION_FORMAT = "dwarf-with-dsym";
				ENABLE_STRICT_OBJC_MSGSEND = YES;
				GCC_C_LANGUAGE_STANDARD = gnu99;
				GCC_DYNAMIC_NO_PIC = NO;
				GCC_NO_COMMON_BLOCKS = YES;
				GCC_OPTIMIZATION_LEVEL = 0;
				GCC_PREPROCESSOR_DEFINITIONS = (
					"DEBUG=1",
					"$(inherited)",
				);
				GCC_SYMBOLS_PRIVATE_EXTERN = NO;
				GCC_WARN_64_TO_32_BIT_CONVERSION = YES;
				GCC_WARN_ABOUT_RETURN_TYPE = YES_ERROR;
				GCC_WARN_UNDECLARED_SELECTOR = YES;
				GCC_WARN_UNINITIALIZED_AUTOS = YES_AGGRESSIVE;
				GCC_WARN_UNUSED_FUNCTION = YES;
				GCC_WARN_UNUSED_VARIABLE = YES;
				IPHONEOS_DEPLOYMENT_TARGET = 8.4;
				MTL_ENABLE_DEBUG_INFO = YES;
				ONLY_ACTIVE_ARCH = YES;
				SDKROOT = iphoneos;
				SWIFT_OPTIMIZATION_LEVEL = "-Onone";
			};
			name = Debug;
		};
		88F4F7DE1C54265B006F83AE /* Release */ = {
			isa = XCBuildConfiguration;
			buildSettings = {
				ALWAYS_SEARCH_USER_PATHS = NO;
				CLANG_CXX_LANGUAGE_STANDARD = "gnu++0x";
				CLANG_CXX_LIBRARY = "libc++";
				CLANG_ENABLE_MODULES = YES;
				CLANG_ENABLE_OBJC_ARC = YES;
				CLANG_WARN_BOOL_CONVERSION = YES;
				CLANG_WARN_CONSTANT_CONVERSION = YES;
				CLANG_WARN_DIRECT_OBJC_ISA_USAGE = YES_ERROR;
				CLANG_WARN_EMPTY_BODY = YES;
				CLANG_WARN_ENUM_CONVERSION = YES;
				CLANG_WARN_INT_CONVERSION = YES;
				CLANG_WARN_OBJC_ROOT_CLASS = YES_ERROR;
				CLANG_WARN_UNREACHABLE_CODE = YES;
				CLANG_WARN__DUPLICATE_METHOD_MATCH = YES;
				"CODE_SIGN_IDENTITY[sdk=iphoneos*]" = "iPhone Developer";
				COPY_PHASE_STRIP = NO;
				DEBUG_INFORMATION_FORMAT = "dwarf-with-dsym";
				ENABLE_NS_ASSERTIONS = NO;
				ENABLE_STRICT_OBJC_MSGSEND = YES;
				GCC_C_LANGUAGE_STANDARD = gnu99;
				GCC_NO_COMMON_BLOCKS = YES;
				GCC_WARN_64_TO_32_BIT_CONVERSION = YES;
				GCC_WARN_ABOUT_RETURN_TYPE = YES_ERROR;
				GCC_WARN_UNDECLARED_SELECTOR = YES;
				GCC_WARN_UNINITIALIZED_AUTOS = YES_AGGRESSIVE;
				GCC_WARN_UNUSED_FUNCTION = YES;
				GCC_WARN_UNUSED_VARIABLE = YES;
				IPHONEOS_DEPLOYMENT_TARGET = 8.4;
				MTL_ENABLE_DEBUG_INFO = NO;
				SDKROOT = iphoneos;
				VALIDATE_PRODUCT = YES;
			};
			name = Release;
		};
		88F4F7E01C54265B006F83AE /* Debug */ = {
			isa = XCBuildConfiguration;
			buildSettings = {
				ASSETCATALOG_COMPILER_APPICON_NAME = AppIcon;
				INFOPLIST_FILE = ShakeSong/Info.plist;
				LD_RUNPATH_SEARCH_PATHS = "$(inherited) @executable_path/Frameworks";
				PRODUCT_NAME = "$(TARGET_NAME)";
			};
			name = Debug;
		};
		88F4F7E11C54265B006F83AE /* Release */ = {
			isa = XCBuildConfiguration;
			buildSettings = {
				ASSETCATALOG_COMPILER_APPICON_NAME = AppIcon;
				INFOPLIST_FILE = ShakeSong/Info.plist;
				LD_RUNPATH_SEARCH_PATHS = "$(inherited) @executable_path/Frameworks";
				PRODUCT_NAME = "$(TARGET_NAME)";
			};
			name = Release;
		};
		88F4F7E31C54265B006F83AE /* Debug */ = {
			isa = XCBuildConfiguration;
			buildSettings = {
				BUNDLE_LOADER = "$(TEST_HOST)";
				FRAMEWORK_SEARCH_PATHS = (
					"$(SDKROOT)/Developer/Library/Frameworks",
					"$(inherited)",
				);
				GCC_PREPROCESSOR_DEFINITIONS = (
					"DEBUG=1",
					"$(inherited)",
				);
				INFOPLIST_FILE = ShakeSongTests/Info.plist;
				LD_RUNPATH_SEARCH_PATHS = "$(inherited) @executable_path/Frameworks @loader_path/Frameworks";
				PRODUCT_NAME = "$(TARGET_NAME)";
				TEST_HOST = "$(BUILT_PRODUCTS_DIR)/ShakeSong.app/ShakeSong";
			};
			name = Debug;
		};
		88F4F7E41C54265B006F83AE /* Release */ = {
			isa = XCBuildConfiguration;
			buildSettings = {
				BUNDLE_LOADER = "$(TEST_HOST)";
				FRAMEWORK_SEARCH_PATHS = (
					"$(SDKROOT)/Developer/Library/Frameworks",
					"$(inherited)",
				);
				INFOPLIST_FILE = ShakeSongTests/Info.plist;
				LD_RUNPATH_SEARCH_PATHS = "$(inherited) @executable_path/Frameworks @loader_path/Frameworks";
				PRODUCT_NAME = "$(TARGET_NAME)";
				TEST_HOST = "$(BUILT_PRODUCTS_DIR)/ShakeSong.app/ShakeSong";
			};
			name = Release;
		};
/* End XCBuildConfiguration section */

/* Begin XCConfigurationList section */
		88F4F7BB1C54265B006F83AE /* Build configuration list for PBXProject "ShakeSong" */ = {
			isa = XCConfigurationList;
			buildConfigurations = (
				88F4F7DD1C54265B006F83AE /* Debug */,
				88F4F7DE1C54265B006F83AE /* Release */,
			);
			defaultConfigurationIsVisible = 0;
			defaultConfigurationName = Release;
		};
		88F4F7DF1C54265B006F83AE /* Build configuration list for PBXNativeTarget "ShakeSong" */ = {
			isa = XCConfigurationList;
			buildConfigurations = (
				88F4F7E01C54265B006F83AE /* Debug */,
				88F4F7E11C54265B006F83AE /* Release */,
			);
			defaultConfigurationIsVisible = 0;
		};
		88F4F7E21C54265B006F83AE /* Build configuration list for PBXNativeTarget "ShakeSongTests" */ = {
			isa = XCConfigurationList;
			buildConfigurations = (
				88F4F7E31C54265B006F83AE /* Debug */,
				88F4F7E41C54265B006F83AE /* Release */,
			);
			defaultConfigurationIsVisible = 0;
		};
/* End XCConfigurationList section */
	};
	rootObject = 88F4F7B81C54265B006F83AE /* Project object */;
}
